
Microsoft Visual Studio Solution File, Format Version 12.00
# Visual Studio Version 16
VisualStudioVersion = 16.0.30717.126
MinimumVisualStudioVersion = 10.0.40219.1
Project("{FAE04EC0-301F-11D3-BF4B-00C04F79EFBC}") = "Barcode_QRCode", "Barcode_QRCode\Barcode_QRCode.csproj", "{AA808F98-E7B5-4B6F-BECD-E2A6E8F2B99D}"
EndProject
Global
	GlobalSection(SolutionConfigurationPlatforms) = preSolution
		Debug|Any CPU = Debug|Any CPU
		Release|Any CPU = Release|Any CPU
	EndGlobalSection
	GlobalSection(ProjectConfigurationPlatforms) = postSolution
		{AA808F98-E7B5-4B6F-BECD-E2A6E8F2B99D}.Debug|Any CPU.ActiveCfg = Debug|Any CPU
		{AA808F98-E7B5-4B6F-BECD-E2A6E8F2B99D}.Debug|Any CPU.Build.0 = Debug|Any CPU
		{AA808F98-E7B5-4B6F-BECD-E2A6E8F2B99D}.Release|Any CPU.ActiveCfg = Release|Any CPU
		{AA808F98-E7B5-4B6F-BECD-E2A6E8F2B99D}.Release|Any CPU.Build.0 = Release|Any CPU
	EndGlobalSection
	GlobalSection(SolutionProperties) = preSolution
		HideSolutionNode = FALSE
	EndGlobalSection
	GlobalSection(ExtensibilityGlobals) = postSolution
		SolutionGuid = {086287C0-AB9F-4BD9-BA93-58E11162DAA1}
	EndGlobalSection
EndGlobal
